
Microsoft Visual Studio Solution File, Format Version 12.00
# Visual Studio Version 17
VisualStudioVersion = 17.0.31903.59
MinimumVisualStudioVersion = 10.0.40219.1
Project("{FAE04EC0-301F-11D3-BF4B-00C04F79EFBC}") = "Digital_Inovation_One", "Digital_Inovation_One\Digital_Inovation_One.csproj", "{BCA18E5D-3892-4715-8D16-46C120EC436F}"
EndProject
Global
	GlobalSection(SolutionConfigurationPlatforms) = preSolution
		Debug|Any CPU = Debug|Any CPU
		Release|Any CPU = Release|Any CPU
	EndGlobalSection
	GlobalSection(ProjectConfigurationPlatforms) = postSolution
		{BCA18E5D-3892-4715-8D16-46C120EC436F}.Debug|Any CPU.ActiveCfg = Debug|Any CPU
		{BCA18E5D-3892-4715-8D16-46C120EC436F}.Debug|Any CPU.Build.0 = Debug|Any CPU
		{BCA18E5D-3892-4715-8D16-46C120EC436F}.Release|Any CPU.ActiveCfg = Release|Any CPU
		{BCA18E5D-3892-4715-8D16-46C120EC436F}.Release|Any CPU.Build.0 = Release|Any CPU
	EndGlobalSection
	GlobalSection(SolutionProperties) = preSolution
		HideSolutionNode = FALSE
	EndGlobalSection
	GlobalSection(ExtensibilityGlobals) = postSolution
		SolutionGuid = {4BE3F2A0-C3CC-4D5F-A1B1-9A1AC77F9ACE}
	EndGlobalSection
EndGlobal
